{
    "_meta": {
        "hash": {
            "sha256": "37b5f748f91ffc92efffdbaf952555e32040312b52f9056194f954b60ebceaeb"
        },
        "pipfile-spec": 6,
        "requires": {
            "python_version": "3.7"
        },
        "sources": [
            {
                "name": "pypi",
                "url": "https://pypi.org/simple",
                "verify_ssl": true
            }
        ]
    },
    "default": {
        "pdfminer": {
            "hashes": [
                "sha256:9e700bc731300ed5c8936343c1dd4529638184198e54e91dd2b59b64a755dc01"
            ],
            "index": "pypi",
            "version": "==20191125"
        },
        "pycryptodome": {
            "hashes": [
                "sha256:012ca77c2105600e3c6aef43188101ac1d95052c633a4ae8fbebffab20c25f8a",
                "sha256:05b4d865710f9a6378d3ada28195ff78e52642d3ecffe6fa9d379d870b9bf29d",
                "sha256:07daddb98f98f771ba027f8f835bdb675aeb84effe41ed5221f520b267429354",
                "sha256:09bf05a489fe10f9280a5e0163f195e7b9630cafb15f7d72fb9c8f5eb2afa84f",
                "sha256:0a8d5f2dbb4bbe830ace54286b829bfa529f0853bedaab6225fcb2e6d1f7e356",
                "sha256:1259b8ca49662b8a941177357f08147d858595c0042e63ff81e9628e925b5c9d",
                "sha256:238d8b6dd27bd1a04816a68aa90a739e6dd23b192fcd83b50f9360958bff192a",
                "sha256:2a57daef18a2022a5e4b6f7376c9ddd0c2d946e4b1f1e59b837f5bf295be7380",
                "sha256:39e5ca2f66d1eac7abcba5ce1a03370d123dc6085620f1cd532dfee27e650178",
                "sha256:3d516df693c195b8da3795e381429bd420e87081b7e6c2871c62c9897c812cda",
                "sha256:3e486c5b7228e864665fc479e9f596b2547b5fe29c6f5c8ed3807784d06faed7",
                "sha256:5029c46b0d41dfb763c3981c0af68eab029f06fe2b94f2299112fc18cf9e8d6d",
                "sha256:5817c0b3c263025d851da96b90cbc7e95348008f88b990e90d10683dba376666",
                "sha256:79320f1fc5c9ca682869087c565bb29ca6f334692e940d7365771e9a94382e12",
                "sha256:887d08beca6368d3d70dc75126607ad76317a9fd07fe61323d8c3cb42add12b6",
                "sha256:9163fec630495c10c767991e3f8dab32f4427bfb2dfeaa59bb28fe3e52ba66f2",
                "sha256:95d324e603c5cec5d89e8595236bbf59ade5fe3a72d100ce61eebb323d598750",
                "sha256:9927aa8a8cb4af681279b6f28a1dcb14e0eb556c1aea8413a1e27608a8516e0c",
                "sha256:9948c2d5c5c0ee45ed44cee0e2eba2ce60a03be006ed3074521f3da3be162e72",
                "sha256:a719bd708207fa219fcbf4c8ebbcbc52846045f78179d00445b429fdabdbc1c4",
                "sha256:bc22ced26ebc46546798fa0141f4418f1db116dec517f0aeaecec87cf7b2416c",
                "sha256:c41b7e10b72cef00cd63410f31fe50e72dc3a40eafbd146e288384fbe4208064",
                "sha256:cdb0ad83a5d6bac986a37fcb7562bcbef0aabae8ea19505bab5cf83c4d18af12",
                "sha256:d8e480f65ac7105cbc288eec2417dc61eaac6ed6e75595aa15b8c7c77c53a68b",
                "sha256:da2d581da279bc7408d38e16ff77754f5448c4352f2acfe530a5d14d8fc6934a",
                "sha256:de61091dd68326b600422cf731eb4810c4c6363f18a65bccd6061784b7454f5b",
                "sha256:ec7d39589f9cfc2a8b83b1d2fc673441757c99d43283e97b2dd46e0e23730db8",
                "sha256:f3204006869ab037604b1d9f045c4e84882ddd365e4ee8caa5eb1ff47a59188e",
                "sha256:f4d2174e168d0eabd1fffaf88b4f62c2b6f30a67b8816f31024b8e48be3e2d75",
                "sha256:fcff8c9d88d58880f7eda2139c7c444552a38f98a9e77ba5970b6e78f54ac358"
            ],
            "version": "==3.9.6"
        }
    },
    "develop": {
        "astroid": {
            "hashes": [
                "sha256:71ea07f44df9568a75d0f354c49143a4575d90645e9fead6dfb52c26a85ed13a",
                "sha256:840947ebfa8b58f318d42301cf8c0a20fd794a33b61cc4638e28e9e61ba32f42"
            ],
            "version": "==2.3.3"
        },
        "autopep8": {
            "hashes": [
                "sha256:0f592a0447acea0c2b0a9602be1e4e3d86db52badd2e3c84f0193bfd89fd3a43"
            ],
            "index": "pypi",
            "version": "==1.5"
        },
        "isort": {
            "hashes": [
                "sha256:54da7e92468955c4fceacd0c86bd0ec997b0e1ee80d97f67c35a78b719dccab1",
                "sha256:6e811fcb295968434526407adb8796944f1988c5b65e8139058f2014cbe100fd"
            ],
            "version": "==4.3.21"
        },
        "lazy-object-proxy": {
            "hashes": [
                "sha256:0c4b206227a8097f05c4dbdd323c50edf81f15db3b8dc064d08c62d37e1a504d",
                "sha256:194d092e6f246b906e8f70884e620e459fc54db3259e60cf69a4d66c3fda3449",
                "sha256:1be7e4c9f96948003609aa6c974ae59830a6baecc5376c25c92d7d697e684c08",
                "sha256:4677f594e474c91da97f489fea5b7daa17b5517190899cf213697e48d3902f5a",
                "sha256:48dab84ebd4831077b150572aec802f303117c8cc5c871e182447281ebf3ac50",
                "sha256:5541cada25cd173702dbd99f8e22434105456314462326f06dba3e180f203dfd",
                "sha256:59f79fef100b09564bc2df42ea2d8d21a64fdcda64979c0fa3db7bdaabaf6239",
                "sha256:8d859b89baf8ef7f8bc6b00aa20316483d67f0b1cbf422f5b4dc56701c8f2ffb",
                "sha256:9254f4358b9b541e3441b007a0ea0764b9d056afdeafc1a5569eee1cc6c1b9ea",
                "sha256:9651375199045a358eb6741df3e02a651e0330be090b3bc79f6d0de31a80ec3e",
                "sha256:97bb5884f6f1cdce0099f86b907aa41c970c3c672ac8b9c8352789e103cf3156",
                "sha256:9b15f3f4c0f35727d3a0fba4b770b3c4ebbb1fa907dbcc046a1d2799f3edd142",
                "sha256:a2238e9d1bb71a56cd710611a1614d1194dc10a175c1e08d75e1a7bcc250d442",
                "sha256:a6ae12d08c0bf9909ce12385803a543bfe99b95fe01e752536a60af2b7797c62",
                "sha256:ca0a928a3ddbc5725be2dd1cf895ec0a254798915fb3a36af0964a0a4149e3db",
                "sha256:cb2c7c57005a6804ab66f106ceb8482da55f5314b7fcb06551db1edae4ad1531",
                "sha256:d74bb8693bf9cf75ac3b47a54d716bbb1a92648d5f781fc799347cfc95952383",
                "sha256:d945239a5639b3ff35b70a88c5f2f491913eb94871780ebfabb2568bd58afc5a",
                "sha256:eba7011090323c1dadf18b3b689845fd96a61ba0a1dfbd7f24b921398affc357",
                "sha256:efa1909120ce98bbb3777e8b6f92237f5d5c8ea6758efea36a473e1d38f7d3e4",
                "sha256:f3900e8a5de27447acbf900b4750b0ddfd7ec1ea7fbaf11dfa911141bc522af0"
            ],
            "version": "==1.4.3"
        },
        "mccabe": {
            "hashes": [
                "sha256:ab8a6258860da4b6677da4bd2fe5dc2c659cff31b3ee4f7f5d64e79735b80d42",
                "sha256:dd8d182285a0fe56bace7f45b5e7d1a6ebcbf524e8f3bd87eb0f125271b8831f"
            ],
            "version": "==0.6.1"
        },
        "pycodestyle": {
            "hashes": [
                "sha256:95a2219d12372f05704562a14ec30bc76b05a5b297b21a5dfe3f6fac3491ae56",
                "sha256:e40a936c9a450ad81df37f549d676d127b1b66000a6c500caa2b085bc0ca976c"
            ],
            "version": "==2.5.0"
        },
        "pylint": {
            "hashes": [
                "sha256:3db5468ad013380e987410a8d6956226963aed94ecb5f9d3a28acca6d9ac36cd",
                "sha256:886e6afc935ea2590b462664b161ca9a5e40168ea99e5300935f6591ad467df4"
            ],
            "index": "pypi",
            "version": "==2.4.4"
        },
        "six": {
            "hashes": [
                "sha256:236bdbdce46e6e6a3d61a337c0f8b763ca1e8717c03b369e87a7ec7ce1319c0a",
                "sha256:8f3cd2e254d8f793e7f3d6d9df77b92252b52637291d0f0da013c76ea2724b6c"
            ],
            "version": "==1.14.0"
        },
        "wrapt": {
            "hashes": [
                "sha256:565a021fd19419476b9362b05eeaa094178de64f8361e44468f9e9d7843901e1"
            ],
            "version": "==1.11.2"
        }
    }
}
